
Microsoft Visual Studio Solution File, Format Version 12.00
# Visual Studio Version 16
VisualStudioVersion = 16.0.31702.278
MinimumVisualStudioVersion = 10.0.40219.1
Project("{FAE04EC0-301F-11D3-BF4B-00C04F79EFBC}") = "ChemTestApp", "ChemTestApp\ChemTestApp.csproj", "{402127CE-FB5A-49B2-8014-509E8F77490C}"
EndProject
Global
	GlobalSection(SolutionConfigurationPlatforms) = preSolution
		Debug|Any CPU = Debug|Any CPU
		Release|Any CPU = Release|Any CPU
	EndGlobalSection
	GlobalSection(ProjectConfigurationPlatforms) = postSolution
		{402127CE-FB5A-49B2-8014-509E8F77490C}.Debug|Any CPU.ActiveCfg = Debug|Any CPU
		{402127CE-FB5A-49B2-8014-509E8F77490C}.Debug|Any CPU.Build.0 = Debug|Any CPU
		{402127CE-FB5A-49B2-8014-509E8F77490C}.Release|Any CPU.ActiveCfg = Release|Any CPU
		{402127CE-FB5A-49B2-8014-509E8F77490C}.Release|Any CPU.Build.0 = Release|Any CPU
	EndGlobalSection
	GlobalSection(SolutionProperties) = preSolution
		HideSolutionNode = FALSE
	EndGlobalSection
	GlobalSection(ExtensibilityGlobals) = postSolution
		SolutionGuid = {FE38B977-4E26-4D4D-8F07-F22409FEE155}
	EndGlobalSection
EndGlobal
